Microsoft Visual Studio Solution File, Format Version 12.00
# Visual Studio Version 16
VisualStudioVersion = 16.0.30011.22
MinimumVisualStudioVersion = 10.0.40219.1
Project("{2150E333-8FDC-42A3-9474-1A3956D46DE8}") = "Documents", "Documents", "{590B475A-8FFE-4CE3-BBB8-FD26CCFBCC4B}"
	ProjectSection(SolutionItems) = preProject
		Examples.txt = Examples.txt
		..\License.txt = ..\License.txt
		..\Readme.md = ..\Readme.md
		Release.txt = Release.txt
	EndProjectSection
EndProject
Project("{2150E333-8FDC-42A3-9474-1A3956D46DE8}") = "Examples", "Examples", "{081A54EE-EBAB-471D-9DD0-54EB71F40EA1}"
EndProject
Project("{FAE04EC0-301F-11D3-BF4B-00C04F79EFBC}") = "Register participant", "Examples\Register Participant\Register participant.csproj", "{4A4C6B8F-F700-4990-961B-47B700ED5D23}"
EndProject
Project("{FAE04EC0-301F-11D3-BF4B-00C04F79EFBC}") = "Update results", "Examples\Update results\Update results.csproj", "{0C3D8071-74F6-44C6-B5B2-ECBFD799817B}"
EndProject
Project("{FAE04EC0-301F-11D3-BF4B-00C04F79EFBC}") = "Register official", "Examples\Register Official\Register official.csproj", "{B3F8EF2B-D431-4A09-A6DA-082161A81364}"
EndProject
Project("{FAE04EC0-301F-11D3-BF4B-00C04F79EFBC}") = "Remove results", "Examples\Remove results\Remove results.csproj", "{0BC0A9DE-9C80-49E7-8E4A-FDF2020A3485}"
EndProject
Project("{FAE04EC0-301F-11D3-BF4B-00C04F79EFBC}") = "Close competition", "Examples\Close Competition\Close competition.csproj", "{D998DF37-8BDF-4C7B-8033-B34B485ED122}"
EndProject
Project("{FAE04EC0-301F-11D3-BF4B-00C04F79EFBC}") = "Wdsf.Checkin", "Wdsf.Checkin\Wdsf.Checkin.csproj", "{5867A62F-9D7F-46D5-A50C-6F6D94D7FBCC}"
EndProject
Project("{FAE04EC0-301F-11D3-BF4B-00C04F79EFBC}") = "LoadParticipants", "Examples\LoadParticipants\LoadParticipants.csproj", "{0396BFF4-4048-41A9-BDBA-A7613C878A81}"
EndProject
Project("{FAE04EC0-301F-11D3-BF4B-00C04F79EFBC}") = "Wdsf.Api.Test", "Wdsf.Api.Test\Wdsf.Api.Test.csproj", "{8900932F-7434-4059-87F3-2C757B451458}"
EndProject
Project("{9A19103F-16F7-4668-BE54-9A1E7A4F7556}") = "Wdsf.Api.Client", "Wdsf.Api.Client\Wdsf.Api.Client.csproj", "{17CEBB29-B077-409E-8738-DE9A15AB7353}"
EndProject
Global
	GlobalSection(SolutionConfigurationPlatforms) = preSolution
		Debug|Any CPU = Debug|Any CPU
		Debug|Mixed Platforms = Debug|Mixed Platforms
		Debug|x86 = Debug|x86
		Release|Any CPU = Release|Any CPU
		Release|Mixed Platforms = Release|Mixed Platforms
		Release|x86 = Release|x86
	EndGlobalSection
	GlobalSection(ProjectConfigurationPlatforms) = postSolution
		{4A4C6B8F-F700-4990-961B-47B700ED5D23}.Debug|Any CPU.ActiveCfg = Debug|x86
		{4A4C6B8F-F700-4990-961B-47B700ED5D23}.Debug|Mixed Platforms.ActiveCfg = Debug|x86
		{4A4C6B8F-F700-4990-961B-47B700ED5D23}.Debug|Mixed Platforms.Build.0 = Debug|x86
		{4A4C6B8F-F700-4990-961B-47B700ED5D23}.Debug|x86.ActiveCfg = Debug|x86
		{4A4C6B8F-F700-4990-961B-47B700ED5D23}.Debug|x86.Build.0 = Debug|x86
		{4A4C6B8F-F700-4990-961B-47B700ED5D23}.Release|Any CPU.ActiveCfg = Release|x86
		{4A4C6B8F-F700-4990-961B-47B700ED5D23}.Release|Mixed Platforms.ActiveCfg = Release|x86
		{4A4C6B8F-F700-4990-961B-47B700ED5D23}.Release|Mixed Platforms.Build.0 = Release|x86
		{4A4C6B8F-F700-4990-961B-47B700ED5D23}.Release|x86.ActiveCfg = Release|x86
		{4A4C6B8F-F700-4990-961B-47B700ED5D23}.Release|x86.Build.0 = Release|x86
		{0C3D8071-74F6-44C6-B5B2-ECBFD799817B}.Debug|Any CPU.ActiveCfg = Debug|x86
		{0C3D8071-74F6-44C6-B5B2-ECBFD799817B}.Debug|Mixed Platforms.ActiveCfg = Debug|x86
		{0C3D8071-74F6-44C6-B5B2-ECBFD799817B}.Debug|Mixed Platforms.Build.0 = Debug|x86
		{0C3D8071-74F6-44C6-B5B2-ECBFD799817B}.Debug|x86.ActiveCfg = Debug|x86
		{0C3D8071-74F6-44C6-B5B2-ECBFD799817B}.Debug|x86.Build.0 = Debug|x86
		{0C3D8071-74F6-44C6-B5B2-ECBFD799817B}.Release|Any CPU.ActiveCfg = Release|x86
		{0C3D8071-74F6-44C6-B5B2-ECBFD799817B}.Release|Mixed Platforms.ActiveCfg = Release|x86
		{0C3D8071-74F6-44C6-B5B2-ECBFD799817B}.Release|Mixed Platforms.Build.0 = Release|x86
		{0C3D8071-74F6-44C6-B5B2-ECBFD799817B}.Release|x86.ActiveCfg = Release|x86
		{0C3D8071-74F6-44C6-B5B2-ECBFD799817B}.Release|x86.Build.0 = Release|x86
		{B3F8EF2B-D431-4A09-A6DA-082161A81364}.Debug|Any CPU.ActiveCfg = Debug|x86
		{B3F8EF2B-D431-4A09-A6DA-082161A81364}.Debug|Mixed Platforms.ActiveCfg = Debug|x86
		{B3F8EF2B-D431-4A09-A6DA-082161A81364}.Debug|Mixed Platforms.Build.0 = Debug|x86
		{B3F8EF2B-D431-4A09-A6DA-082161A81364}.Debug|x86.ActiveCfg = Debug|x86
		{B3F8EF2B-D431-4A09-A6DA-082161A81364}.Debug|x86.Build.0 = Debug|x86
		{B3F8EF2B-D431-4A09-A6DA-082161A81364}.Release|Any CPU.ActiveCfg = Release|x86
		{B3F8EF2B-D431-4A09-A6DA-082161A81364}.Release|Mixed Platforms.ActiveCfg = Release|x86
		{B3F8EF2B-D431-4A09-A6DA-082161A81364}.Release|Mixed Platforms.Build.0 = Release|x86
		{B3F8EF2B-D431-4A09-A6DA-082161A81364}.Release|x86.ActiveCfg = Release|x86
		{B3F8EF2B-D431-4A09-A6DA-082161A81364}.Release|x86.Build.0 = Release|x86
		{0BC0A9DE-9C80-49E7-8E4A-FDF2020A3485}.Debug|Any CPU.ActiveCfg = Debug|x86
		{0BC0A9DE-9C80-49E7-8E4A-FDF2020A3485}.Debug|Mixed Platforms.ActiveCfg = Debug|x86
		{0BC0A9DE-9C80-49E7-8E4A-FDF2020A3485}.Debug|Mixed Platforms.Build.0 = Debug|x86
		{0BC0A9DE-9C80-49E7-8E4A-FDF2020A3485}.Debug|x86.ActiveCfg = Debug|x86
		{0BC0A9DE-9C80-49E7-8E4A-FDF2020A3485}.Debug|x86.Build.0 = Debug|x86
		{0BC0A9DE-9C80-49E7-8E4A-FDF2020A3485}.Release|Any CPU.ActiveCfg = Release|x86
		{0BC0A9DE-9C80-49E7-8E4A-FDF2020A3485}.Release|Mixed Platforms.ActiveCfg = Release|x86
		{0BC0A9DE-9C80-49E7-8E4A-FDF2020A3485}.Release|Mixed Platforms.Build.0 = Release|x86
		{0BC0A9DE-9C80-49E7-8E4A-FDF2020A3485}.Release|x86.ActiveCfg = Release|x86
		{0BC0A9DE-9C80-49E7-8E4A-FDF2020A3485}.Release|x86.Build.0 = Release|x86
		{D998DF37-8BDF-4C7B-8033-B34B485ED122}.Debug|Any CPU.ActiveCfg = Debug|x86
		{D998DF37-8BDF-4C7B-8033-B34B485ED122}.Debug|Mixed Platforms.ActiveCfg = Debug|x86
		{D998DF37-8BDF-4C7B-8033-B34B485ED122}.Debug|Mixed Platforms.Build.0 = Debug|x86
		{D998DF37-8BDF-4C7B-8033-B34B485ED122}.Debug|x86.ActiveCfg = Debug|x86
		{D998DF37-8BDF-4C7B-8033-B34B485ED122}.Debug|x86.Build.0 = Debug|x86
		{D998DF37-8BDF-4C7B-8033-B34B485ED122}.Release|Any CPU.ActiveCfg = Release|x86
		{D998DF37-8BDF-4C7B-8033-B34B485ED122}.Release|Mixed Platforms.ActiveCfg = Release|x86
		{D998DF37-8BDF-4C7B-8033-B34B485ED122}.Release|Mixed Platforms.Build.0 = Release|x86
		{D998DF37-8BDF-4C7B-8033-B34B485ED122}.Release|x86.ActiveCfg = Release|x86
		{D998DF37-8BDF-4C7B-8033-B34B485ED122}.Release|x86.Build.0 = Release|x86
		{5867A62F-9D7F-46D5-A50C-6F6D94D7FBCC}.Debug|Any CPU.ActiveCfg = Debug|x86
		{5867A62F-9D7F-46D5-A50C-6F6D94D7FBCC}.Debug|Mixed Platforms.ActiveCfg = Debug|x86
		{5867A62F-9D7F-46D5-A50C-6F6D94D7FBCC}.Debug|Mixed Platforms.Build.0 = Debug|x86
		{5867A62F-9D7F-46D5-A50C-6F6D94D7FBCC}.Debug|x86.ActiveCfg = Debug|x86
		{5867A62F-9D7F-46D5-A50C-6F6D94D7FBCC}.Debug|x86.Build.0 = Debug|x86
		{5867A62F-9D7F-46D5-A50C-6F6D94D7FBCC}.Release|Any CPU.ActiveCfg = Release|x86
		{5867A62F-9D7F-46D5-A50C-6F6D94D7FBCC}.Release|Mixed Platforms.ActiveCfg = Release|x86
		{5867A62F-9D7F-46D5-A50C-6F6D94D7FBCC}.Release|Mixed Platforms.Build.0 = Release|x86
		{5867A62F-9D7F-46D5-A50C-6F6D94D7FBCC}.Release|x86.ActiveCfg = Release|x86
		{5867A62F-9D7F-46D5-A50C-6F6D94D7FBCC}.Release|x86.Build.0 = Release|x86
		{0396BFF4-4048-41A9-BDBA-A7613C878A81}.Debug|Any CPU.ActiveCfg = Debug|x86
		{0396BFF4-4048-41A9-BDBA-A7613C878A81}.Debug|Mixed Platforms.ActiveCfg = Debug|x86
		{0396BFF4-4048-41A9-BDBA-A7613C878A81}.Debug|Mixed Platforms.Build.0 = Debug|x86
		{0396BFF4-4048-41A9-BDBA-A7613C878A81}.Debug|x86.ActiveCfg = Debug|x86
		{0396BFF4-4048-41A9-BDBA-A7613C878A81}.Debug|x86.Build.0 = Debug|x86
		{0396BFF4-4048-41A9-BDBA-A7613C878A81}.Release|Any CPU.ActiveCfg = Release|x86
		{0396BFF4-4048-41A9-BDBA-A7613C878A81}.Release|Mixed Platforms.ActiveCfg = Release|x86
		{0396BFF4-4048-41A9-BDBA-A7613C878A81}.Release|Mixed Platforms.Build.0 = Release|x86
		{0396BFF4-4048-41A9-BDBA-A7613C878A81}.Release|x86.ActiveCfg = Release|x86
		{0396BFF4-4048-41A9-BDBA-A7613C878A81}.Release|x86.Build.0 = Release|x86
		{8900932F-7434-4059-87F3-2C757B451458}.Debug|Any CPU.ActiveCfg = Debug|x86
		{8900932F-7434-4059-87F3-2C757B451458}.Debug|Mixed Platforms.ActiveCfg = Debug|x86
		{8900932F-7434-4059-87F3-2C757B451458}.Debug|Mixed Platforms.Build.0 = Debug|x86
		{8900932F-7434-4059-87F3-2C757B451458}.Debug|x86.ActiveCfg = Debug|x86
		{8900932F-7434-4059-87F3-2C757B451458}.Debug|x86.Build.0 = Debug|x86
		{8900932F-7434-4059-87F3-2C757B451458}.Release|Any CPU.ActiveCfg = Release|x86
		{8900932F-7434-4059-87F3-2C757B451458}.Release|Mixed Platforms.ActiveCfg = Release|x86
		{8900932F-7434-4059-87F3-2C757B451458}.Release|Mixed Platforms.Build.0 = Release|x86
		{8900932F-7434-4059-87F3-2C757B451458}.Release|x86.ActiveCfg = Release|x86
		{8900932F-7434-4059-87F3-2C757B451458}.Release|x86.Build.0 = Release|x86
		{17CEBB29-B077-409E-8738-DE9A15AB7353}.Debug|Any CPU.ActiveCfg = Debug|Any CPU
		{17CEBB29-B077-409E-8738-DE9A15AB7353}.Debug|Any CPU.Build.0 = Debug|Any CPU
		{17CEBB29-B077-409E-8738-DE9A15AB7353}.Debug|Mixed Platforms.ActiveCfg = Debug|Any CPU
		{17CEBB29-B077-409E-8738-DE9A15AB7353}.Debug|Mixed Platforms.Build.0 = Debug|Any CPU
		{17CEBB29-B077-409E-8738-DE9A15AB7353}.Debug|x86.ActiveCfg = Debug|Any CPU
		{17CEBB29-B077-409E-8738-DE9A15AB7353}.Debug|x86.Build.0 = Debug|Any CPU
		{17CEBB29-B077-409E-8738-DE9A15AB7353}.Release|Any CPU.ActiveCfg = Release|Any CPU
		{17CEBB29-B077-409E-8738-DE9A15AB7353}.Release|Any CPU.Build.0 = Release|Any CPU
		{17CEBB29-B077-409E-8738-DE9A15AB7353}.Release|Mixed Platforms.ActiveCfg = Release|Any CPU
		{17CEBB29-B077-409E-8738-DE9A15AB7353}.Release|Mixed Platforms.Build.0 = Release|Any CPU
		{17CEBB29-B077-409E-8738-DE9A15AB7353}.Release|x86.ActiveCfg = Release|Any CPU
		{17CEBB29-B077-409E-8738-DE9A15AB7353}.Release|x86.Build.0 = Release|Any CPU
	EndGlobalSection
	GlobalSection(SolutionProperties) = preSolution
		HideSolutionNode = FALSE
	EndGlobalSection
	GlobalSection(NestedProjects) = preSolution
		{4A4C6B8F-F700-4990-961B-47B700ED5D23} = {081A54EE-EBAB-471D-9DD0-54EB71F40EA1}
		{0C3D8071-74F6-44C6-B5B2-ECBFD799817B} = {081A54EE-EBAB-471D-9DD0-54EB71F40EA1}
		{B3F8EF2B-D431-4A09-A6DA-082161A81364} = {081A54EE-EBAB-471D-9DD0-54EB71F40EA1}
		{0BC0A9DE-9C80-49E7-8E4A-FDF2020A3485} = {081A54EE-EBAB-471D-9DD0-54EB71F40EA1}
		{D998DF37-8BDF-4C7B-8033-B34B485ED122} = {081A54EE-EBAB-471D-9DD0-54EB71F40EA1}
		{0396BFF4-4048-41A9-BDBA-A7613C878A81} = {081A54EE-EBAB-471D-9DD0-54EB71F40EA1}
	EndGlobalSection
	GlobalSection(ExtensibilityGlobals) = postSolution
		SolutionGuid = {13C0F660-B70F-4171-87C3-D3234D38DAAD}
	EndGlobalSection
EndGlobal
